
Microsoft Visual Studio Solution File, Format Version 12.00
# Visual Studio Version 17
VisualStudioVersion = 17.5.002.0
MinimumVisualStudioVersion = 10.0.40219.1
Project("{9A19103F-16F7-4668-BE54-9A1E7A4F7556}") = "LISKOV_ME", "LISKOV_ME.csproj", "{D9A8492D-38A7-4DFD-BC64-C9F54C2FF300}"
EndProject
Global
	GlobalSection(SolutionConfigurationPlatforms) = preSolution
		Debug|Any CPU = Debug|Any CPU
		Release|Any CPU = Release|Any CPU
	EndGlobalSection
	GlobalSection(ProjectConfigurationPlatforms) = postSolution
		{D9A8492D-38A7-4DFD-BC64-C9F54C2FF300}.Debug|Any CPU.ActiveCfg = Debug|Any CPU
		{D9A8492D-38A7-4DFD-BC64-C9F54C2FF300}.Debug|Any CPU.Build.0 = Debug|Any CPU
		{D9A8492D-38A7-4DFD-BC64-C9F54C2FF300}.Release|Any CPU.ActiveCfg = Release|Any CPU
		{D9A8492D-38A7-4DFD-BC64-C9F54C2FF300}.Release|Any CPU.Build.0 = Release|Any CPU
	EndGlobalSection
	GlobalSection(SolutionProperties) = preSolution
		HideSolutionNode = FALSE
	EndGlobalSection
	GlobalSection(ExtensibilityGlobals) = postSolution
		SolutionGuid = {D626BDCB-AB49-4A31-95CE-415EC565DDFF}
	EndGlobalSection
EndGlobal
